
Microsoft Visual Studio Solution File, Format Version 12.00
# Visual Studio 2015
Project("{FAE04EC0-301F-11D3-BF4B-00C04F79EFBC}") = "Unity3D-Game-Tutorial.CSharp.Plugins", "Unity3D-Game-Tutorial.CSharp.Plugins.csproj", "{1A59CC28-46DB-BFD0-F497-71AC14A7AB8B}"
EndProject
Project("{FAE04EC0-301F-11D3-BF4B-00C04F79EFBC}") = "Unity3D-Game-Tutorial.CSharp", "Unity3D-Game-Tutorial.CSharp.csproj", "{CC8971F9-C894-8809-99F9-15745C0E69FC}"
EndProject
Project("{FAE04EC0-301F-11D3-BF4B-00C04F79EFBC}") = "Unity3D-Game-Tutorial.CSharp.Editor", "Unity3D-Game-Tutorial.CSharp.Editor.csproj", "{95E6CEEB-C38F-35F8-6C0F-F0AFA4AD9E33}"
EndProject
Global
	GlobalSection(SolutionConfigurationPlatforms) = preSolution
		Debug|Any CPU = Debug|Any CPU
		Release|Any CPU = Release|Any CPU
	EndGlobalSection
	GlobalSection(ProjectConfigurationPlatforms) = postSolution
		{1A59CC28-46DB-BFD0-F497-71AC14A7AB8B}.Debug|Any CPU.ActiveCfg = Debug|Any CPU
		{1A59CC28-46DB-BFD0-F497-71AC14A7AB8B}.Debug|Any CPU.Build.0 = Debug|Any CPU
		{1A59CC28-46DB-BFD0-F497-71AC14A7AB8B}.Release|Any CPU.ActiveCfg = Release|Any CPU
		{1A59CC28-46DB-BFD0-F497-71AC14A7AB8B}.Release|Any CPU.Build.0 = Release|Any CPU
		{CC8971F9-C894-8809-99F9-15745C0E69FC}.Debug|Any CPU.ActiveCfg = Debug|Any CPU
		{CC8971F9-C894-8809-99F9-15745C0E69FC}.Debug|Any CPU.Build.0 = Debug|Any CPU
		{CC8971F9-C894-8809-99F9-15745C0E69FC}.Release|Any CPU.ActiveCfg = Release|Any CPU
		{CC8971F9-C894-8809-99F9-15745C0E69FC}.Release|Any CPU.Build.0 = Release|Any CPU
		{95E6CEEB-C38F-35F8-6C0F-F0AFA4AD9E33}.Debug|Any CPU.ActiveCfg = Debug|Any CPU
		{95E6CEEB-C38F-35F8-6C0F-F0AFA4AD9E33}.Debug|Any CPU.Build.0 = Debug|Any CPU
		{95E6CEEB-C38F-35F8-6C0F-F0AFA4AD9E33}.Release|Any CPU.ActiveCfg = Release|Any CPU
		{95E6CEEB-C38F-35F8-6C0F-F0AFA4AD9E33}.Release|Any CPU.Build.0 = Release|Any CPU
	EndGlobalSection
	GlobalSection(SolutionProperties) = preSolution
		HideSolutionNode = FALSE
	EndGlobalSection
EndGlobal
